{
  "object": {
    "pins": [
      {
        "package": "ArgParser",
        "repositoryURL": "https://github.com/dmulholl/argparser.git",
        "state": {
          "branch": null,
          "revision": "65a7b54ab87b4b83a6864c49c844fd8a463b1575",
          "version": "2.0.1"
        }
      },
      {
        "package": "CalcLang",
        "repositoryURL": "/Users/dmulholl/dev/src/calclang",
        "state": {
          "branch": null,
          "revision": "7d138a182398a8dd2e3ae5bb577a32af45db94cb",
          "version": "1.0.0"
        }
      },
      {
        "package": "TermUtils",
        "repositoryURL": "/Users/dmulholl/dev/src/termutils",
        "state": {
          "branch": null,
          "revision": "ab1a114c3e0bd322f1596c86bb07d7e32fe386d3",
          "version": "0.1.0"
        }
      }
    ]
  },
  "version": 1
}
