{
  "object": {
    "pins": [
      {
        "package": "Janus",
        "repositoryURL": "https://github.com/dmulholland/janus-swift.git",
        "state": {
          "branch": null,
          "revision": "9e439f6bec0ef5dfcb05657bd1cb421d5249d8d9",
          "version": "1.0.0"
        }
      }
    ]
  },
  "version": 1
}
